
Microsoft Visual Studio Solution File, Format Version 12.00
# Visual Studio Version 17
VisualStudioVersion = 17.14.36414.22
MinimumVisualStudioVersion = 10.0.40219.1
Project("{8BC9CEB8-8B4A-11D0-8D11-00A0C91BC942}") = "001_Classes", "001_Classes\001_Classes.vcxproj", "{F3347DAF-B635-4162-BA52-DB77A1093318}"
EndProject
Project("{8BC9CEB8-8B4A-11D0-8D11-00A0C91BC942}") = "002_Constructors_Destractors", "002_Constructors_Destractors\002_Constructors_Destractors.vcxproj", "{B5B1794B-6820-411D-A9D3-CE9EF58ED95D}"
EndProject
Project("{8BC9CEB8-8B4A-11D0-8D11-00A0C91BC942}") = "003_Vector", "003_Vector\003_Vector.vcxproj", "{55A8758E-C8C0-4F21-9D29-1993940F7929}"
EndProject
Project("{8BC9CEB8-8B4A-11D0-8D11-00A0C91BC942}") = "004_ConstructorCopy", "004_ConstructorCopy\004_ConstructorCopy.vcxproj", "{8D2F4FC3-4105-4F6D-9AE7-A4F8155CEDF0}"
EndProject
Project("{8BC9CEB8-8B4A-11D0-8D11-00A0C91BC942}") = "005_PointerThis", "005_PointerThis\005_PointerThis.vcxproj", "{046F8805-016C-4755-8C98-62FDA999A998}"
EndProject
Project("{8BC9CEB8-8B4A-11D0-8D11-00A0C91BC942}") = "006_Static", "006_Static\006_Static.vcxproj", "{AB944531-B588-46A4-91FD-8E2C6DDD8437}"
EndProject
Project("{8BC9CEB8-8B4A-11D0-8D11-00A0C91BC942}") = "007_OperatorsOverloading", "007_OperatorsOverloading\007_OperatorsOverloading.vcxproj", "{A5BFDDD1-7CFA-437B-9537-A831659D7F31}"
EndProject
Project("{8BC9CEB8-8B4A-11D0-8D11-00A0C91BC942}") = "008_Fraction", "008_Fraction\008_Fraction.vcxproj", "{0FDFF1B2-B42B-40EC-8992-31F8B68F0C2B}"
EndProject
Project("{8BC9CEB8-8B4A-11D0-8D11-00A0C91BC942}") = "009_ClassString", "010_ClassString\010_ClassString.vcxproj", "{71AFEE46-A27C-4A7E-99FA-07C5ACE46823}"
EndProject
Project("{8BC9CEB8-8B4A-11D0-8D11-00A0C91BC942}") = "010_TemplateFunctions", "011_\011_.vcxproj", "{B09376A4-5B3C-44DF-91BF-BB10912A9B4A}"
EndProject
Project("{8BC9CEB8-8B4A-11D0-8D11-00A0C91BC942}") = "011_TemplateClasses", "011_TemplateClasses\011_TemplateClasses.vcxproj", "{DAAFEFCF-4719-40C3-926E-792348729626}"
EndProject
Project("{8BC9CEB8-8B4A-11D0-8D11-00A0C91BC942}") = "012_TemplateVector", "012_TemplateVector\012_TemplateVector.vcxproj", "{1C6B7B39-1EEE-41C7-B80F-6252B21E7FA1}"
EndProject
Project("{8BC9CEB8-8B4A-11D0-8D11-00A0C91BC942}") = "013_String", "013_String\013_String.vcxproj", "{C3EFD888-EC32-4ED3-8EAD-F7F0CD31F8B4}"
EndProject
Project("{8BC9CEB8-8B4A-11D0-8D11-00A0C91BC942}") = "014_SyngleLinkedList", "014_SyngleLinkedList\014_SyngleLinkedList.vcxproj", "{4998D434-3C94-4928-8975-7B3C12C507B6}"
EndProject
Project("{8BC9CEB8-8B4A-11D0-8D11-00A0C91BC942}") = "015_DoubleLinkedList", "015_DoubleLinkedList\015_DoubleLinkedList.vcxproj", "{2B22D798-58A9-45C0-96AE-A7DC426B50B4}"
EndProject
Project("{8BC9CEB8-8B4A-11D0-8D11-00A0C91BC942}") = "016_Stack", "016_Stack\016_Stack.vcxproj", "{258DA196-E283-41BC-823A-BCCBCCF923E9}"
EndProject
Project("{8BC9CEB8-8B4A-11D0-8D11-00A0C91BC942}") = "017_Template_Stack", "017_Template_Stack\017_Template_Stack.vcxproj", "{26E620E0-E0D9-4664-83A1-3F3508E0B4CC}"
EndProject
Project("{8BC9CEB8-8B4A-11D0-8D11-00A0C91BC942}") = "018_Queue", "018_Queue\018_Queue.vcxproj", "{AD0E5664-F289-4A79-A097-A3D385979769}"
EndProject
Project("{8BC9CEB8-8B4A-11D0-8D11-00A0C91BC942}") = "019_RingQueue", "019_RingQueue\019_RingQueue.vcxproj", "{004E7F24-93C7-417C-9562-D4549B72569E}"
EndProject
Project("{8BC9CEB8-8B4A-11D0-8D11-00A0C91BC942}") = "020_PriorityQueue", "020_PriorityQueue\020_PriorityQueue.vcxproj", "{68F4A08B-78B9-4E86-B77C-3EF413ECAF6B}"
EndProject
Project("{8BC9CEB8-8B4A-11D0-8D11-00A0C91BC942}") = "021_TemplatePriorityQueue", "021_TemplatePriorityQueue\021_TemplatePriorityQueue.vcxproj", "{91FD5434-FF22-463C-8489-CBF81354B4D8}"
EndProject
Project("{8BC9CEB8-8B4A-11D0-8D11-00A0C91BC942}") = "022_QueueLabolatory", "022_QueueLabolatory\022_QueueLabolatory.vcxproj", "{B53BA605-045F-43DB-A076-CA98BB8DCA69}"
EndProject
Global
	GlobalSection(SolutionConfigurationPlatforms) = preSolution
		Debug|x64 = Debug|x64
		Debug|x86 = Debug|x86
		Release|x64 = Release|x64
		Release|x86 = Release|x86
	EndGlobalSection
	GlobalSection(ProjectConfigurationPlatforms) = postSolution
		{F3347DAF-B635-4162-BA52-DB77A1093318}.Debug|x64.ActiveCfg = Debug|x64
		{F3347DAF-B635-4162-BA52-DB77A1093318}.Debug|x64.Build.0 = Debug|x64
		{F3347DAF-B635-4162-BA52-DB77A1093318}.Debug|x86.ActiveCfg = Debug|Win32
		{F3347DAF-B635-4162-BA52-DB77A1093318}.Debug|x86.Build.0 = Debug|Win32
		{F3347DAF-B635-4162-BA52-DB77A1093318}.Release|x64.ActiveCfg = Release|x64
		{F3347DAF-B635-4162-BA52-DB77A1093318}.Release|x64.Build.0 = Release|x64
		{F3347DAF-B635-4162-BA52-DB77A1093318}.Release|x86.ActiveCfg = Release|Win32
		{F3347DAF-B635-4162-BA52-DB77A1093318}.Release|x86.Build.0 = Release|Win32
		{B5B1794B-6820-411D-A9D3-CE9EF58ED95D}.Debug|x64.ActiveCfg = Debug|x64
		{B5B1794B-6820-411D-A9D3-CE9EF58ED95D}.Debug|x64.Build.0 = Debug|x64
		{B5B1794B-6820-411D-A9D3-CE9EF58ED95D}.Debug|x86.ActiveCfg = Debug|Win32
		{B5B1794B-6820-411D-A9D3-CE9EF58ED95D}.Debug|x86.Build.0 = Debug|Win32
		{B5B1794B-6820-411D-A9D3-CE9EF58ED95D}.Release|x64.ActiveCfg = Release|x64
		{B5B1794B-6820-411D-A9D3-CE9EF58ED95D}.Release|x64.Build.0 = Release|x64
		{B5B1794B-6820-411D-A9D3-CE9EF58ED95D}.Release|x86.ActiveCfg = Release|Win32
		{B5B1794B-6820-411D-A9D3-CE9EF58ED95D}.Release|x86.Build.0 = Release|Win32
		{55A8758E-C8C0-4F21-9D29-1993940F7929}.Debug|x64.ActiveCfg = Debug|x64
		{55A8758E-C8C0-4F21-9D29-1993940F7929}.Debug|x64.Build.0 = Debug|x64
		{55A8758E-C8C0-4F21-9D29-1993940F7929}.Debug|x86.ActiveCfg = Debug|Win32
		{55A8758E-C8C0-4F21-9D29-1993940F7929}.Debug|x86.Build.0 = Debug|Win32
		{55A8758E-C8C0-4F21-9D29-1993940F7929}.Release|x64.ActiveCfg = Release|x64
		{55A8758E-C8C0-4F21-9D29-1993940F7929}.Release|x64.Build.0 = Release|x64
		{55A8758E-C8C0-4F21-9D29-1993940F7929}.Release|x86.ActiveCfg = Release|Win32
		{55A8758E-C8C0-4F21-9D29-1993940F7929}.Release|x86.Build.0 = Release|Win32
		{8D2F4FC3-4105-4F6D-9AE7-A4F8155CEDF0}.Debug|x64.ActiveCfg = Debug|x64
		{8D2F4FC3-4105-4F6D-9AE7-A4F8155CEDF0}.Debug|x64.Build.0 = Debug|x64
		{8D2F4FC3-4105-4F6D-9AE7-A4F8155CEDF0}.Debug|x86.ActiveCfg = Debug|Win32
		{8D2F4FC3-4105-4F6D-9AE7-A4F8155CEDF0}.Debug|x86.Build.0 = Debug|Win32
		{8D2F4FC3-4105-4F6D-9AE7-A4F8155CEDF0}.Release|x64.ActiveCfg = Release|x64
		{8D2F4FC3-4105-4F6D-9AE7-A4F8155CEDF0}.Release|x64.Build.0 = Release|x64
		{8D2F4FC3-4105-4F6D-9AE7-A4F8155CEDF0}.Release|x86.ActiveCfg = Release|Win32
		{8D2F4FC3-4105-4F6D-9AE7-A4F8155CEDF0}.Release|x86.Build.0 = Release|Win32
		{046F8805-016C-4755-8C98-62FDA999A998}.Debug|x64.ActiveCfg = Debug|x64
		{046F8805-016C-4755-8C98-62FDA999A998}.Debug|x64.Build.0 = Debug|x64
		{046F8805-016C-4755-8C98-62FDA999A998}.Debug|x86.ActiveCfg = Debug|Win32
		{046F8805-016C-4755-8C98-62FDA999A998}.Debug|x86.Build.0 = Debug|Win32
		{046F8805-016C-4755-8C98-62FDA999A998}.Release|x64.ActiveCfg = Release|x64
		{046F8805-016C-4755-8C98-62FDA999A998}.Release|x64.Build.0 = Release|x64
		{046F8805-016C-4755-8C98-62FDA999A998}.Release|x86.ActiveCfg = Release|Win32
		{046F8805-016C-4755-8C98-62FDA999A998}.Release|x86.Build.0 = Release|Win32
		{AB944531-B588-46A4-91FD-8E2C6DDD8437}.Debug|x64.ActiveCfg = Debug|x64
		{AB944531-B588-46A4-91FD-8E2C6DDD8437}.Debug|x64.Build.0 = Debug|x64
		{AB944531-B588-46A4-91FD-8E2C6DDD8437}.Debug|x86.ActiveCfg = Debug|Win32
		{AB944531-B588-46A4-91FD-8E2C6DDD8437}.Debug|x86.Build.0 = Debug|Win32
		{AB944531-B588-46A4-91FD-8E2C6DDD8437}.Release|x64.ActiveCfg = Release|x64
		{AB944531-B588-46A4-91FD-8E2C6DDD8437}.Release|x64.Build.0 = Release|x64
		{AB944531-B588-46A4-91FD-8E2C6DDD8437}.Release|x86.ActiveCfg = Release|Win32
		{AB944531-B588-46A4-91FD-8E2C6DDD8437}.Release|x86.Build.0 = Release|Win32
		{A5BFDDD1-7CFA-437B-9537-A831659D7F31}.Debug|x64.ActiveCfg = Debug|x64
		{A5BFDDD1-7CFA-437B-9537-A831659D7F31}.Debug|x64.Build.0 = Debug|x64
		{A5BFDDD1-7CFA-437B-9537-A831659D7F31}.Debug|x86.ActiveCfg = Debug|Win32
		{A5BFDDD1-7CFA-437B-9537-A831659D7F31}.Debug|x86.Build.0 = Debug|Win32
		{A5BFDDD1-7CFA-437B-9537-A831659D7F31}.Release|x64.ActiveCfg = Release|x64
		{A5BFDDD1-7CFA-437B-9537-A831659D7F31}.Release|x64.Build.0 = Release|x64
		{A5BFDDD1-7CFA-437B-9537-A831659D7F31}.Release|x86.ActiveCfg = Release|Win32
		{A5BFDDD1-7CFA-437B-9537-A831659D7F31}.Release|x86.Build.0 = Release|Win32
		{0FDFF1B2-B42B-40EC-8992-31F8B68F0C2B}.Debug|x64.ActiveCfg = Debug|x64
		{0FDFF1B2-B42B-40EC-8992-31F8B68F0C2B}.Debug|x64.Build.0 = Debug|x64
		{0FDFF1B2-B42B-40EC-8992-31F8B68F0C2B}.Debug|x86.ActiveCfg = Debug|Win32
		{0FDFF1B2-B42B-40EC-8992-31F8B68F0C2B}.Debug|x86.Build.0 = Debug|Win32
		{0FDFF1B2-B42B-40EC-8992-31F8B68F0C2B}.Release|x64.ActiveCfg = Release|x64
		{0FDFF1B2-B42B-40EC-8992-31F8B68F0C2B}.Release|x64.Build.0 = Release|x64
		{0FDFF1B2-B42B-40EC-8992-31F8B68F0C2B}.Release|x86.ActiveCfg = Release|Win32
		{0FDFF1B2-B42B-40EC-8992-31F8B68F0C2B}.Release|x86.Build.0 = Release|Win32
		{71AFEE46-A27C-4A7E-99FA-07C5ACE46823}.Debug|x64.ActiveCfg = Debug|x64
		{71AFEE46-A27C-4A7E-99FA-07C5ACE46823}.Debug|x64.Build.0 = Debug|x64
		{71AFEE46-A27C-4A7E-99FA-07C5ACE46823}.Debug|x86.ActiveCfg = Debug|Win32
		{71AFEE46-A27C-4A7E-99FA-07C5ACE46823}.Debug|x86.Build.0 = Debug|Win32
		{71AFEE46-A27C-4A7E-99FA-07C5ACE46823}.Release|x64.ActiveCfg = Release|x64
		{71AFEE46-A27C-4A7E-99FA-07C5ACE46823}.Release|x64.Build.0 = Release|x64
		{71AFEE46-A27C-4A7E-99FA-07C5ACE46823}.Release|x86.ActiveCfg = Release|Win32
		{71AFEE46-A27C-4A7E-99FA-07C5ACE46823}.Release|x86.Build.0 = Release|Win32
		{B09376A4-5B3C-44DF-91BF-BB10912A9B4A}.Debug|x64.ActiveCfg = Debug|x64
		{B09376A4-5B3C-44DF-91BF-BB10912A9B4A}.Debug|x64.Build.0 = Debug|x64
		{B09376A4-5B3C-44DF-91BF-BB10912A9B4A}.Debug|x86.ActiveCfg = Debug|Win32
		{B09376A4-5B3C-44DF-91BF-BB10912A9B4A}.Debug|x86.Build.0 = Debug|Win32
		{B09376A4-5B3C-44DF-91BF-BB10912A9B4A}.Release|x64.ActiveCfg = Release|x64
		{B09376A4-5B3C-44DF-91BF-BB10912A9B4A}.Release|x64.Build.0 = Release|x64
		{B09376A4-5B3C-44DF-91BF-BB10912A9B4A}.Release|x86.ActiveCfg = Release|Win32
		{B09376A4-5B3C-44DF-91BF-BB10912A9B4A}.Release|x86.Build.0 = Release|Win32
		{DAAFEFCF-4719-40C3-926E-792348729626}.Debug|x64.ActiveCfg = Debug|x64
		{DAAFEFCF-4719-40C3-926E-792348729626}.Debug|x64.Build.0 = Debug|x64
		{DAAFEFCF-4719-40C3-926E-792348729626}.Debug|x86.ActiveCfg = Debug|Win32
		{DAAFEFCF-4719-40C3-926E-792348729626}.Debug|x86.Build.0 = Debug|Win32
		{DAAFEFCF-4719-40C3-926E-792348729626}.Release|x64.ActiveCfg = Release|x64
		{DAAFEFCF-4719-40C3-926E-792348729626}.Release|x64.Build.0 = Release|x64
		{DAAFEFCF-4719-40C3-926E-792348729626}.Release|x86.ActiveCfg = Release|Win32
		{DAAFEFCF-4719-40C3-926E-792348729626}.Release|x86.Build.0 = Release|Win32
		{1C6B7B39-1EEE-41C7-B80F-6252B21E7FA1}.Debug|x64.ActiveCfg = Debug|x64
		{1C6B7B39-1EEE-41C7-B80F-6252B21E7FA1}.Debug|x64.Build.0 = Debug|x64
		{1C6B7B39-1EEE-41C7-B80F-6252B21E7FA1}.Debug|x86.ActiveCfg = Debug|Win32
		{1C6B7B39-1EEE-41C7-B80F-6252B21E7FA1}.Debug|x86.Build.0 = Debug|Win32
		{1C6B7B39-1EEE-41C7-B80F-6252B21E7FA1}.Release|x64.ActiveCfg = Release|x64
		{1C6B7B39-1EEE-41C7-B80F-6252B21E7FA1}.Release|x64.Build.0 = Release|x64
		{1C6B7B39-1EEE-41C7-B80F-6252B21E7FA1}.Release|x86.ActiveCfg = Release|Win32
		{1C6B7B39-1EEE-41C7-B80F-6252B21E7FA1}.Release|x86.Build.0 = Release|Win32
		{C3EFD888-EC32-4ED3-8EAD-F7F0CD31F8B4}.Debug|x64.ActiveCfg = Debug|x64
		{C3EFD888-EC32-4ED3-8EAD-F7F0CD31F8B4}.Debug|x64.Build.0 = Debug|x64
		{C3EFD888-EC32-4ED3-8EAD-F7F0CD31F8B4}.Debug|x86.ActiveCfg = Debug|Win32
		{C3EFD888-EC32-4ED3-8EAD-F7F0CD31F8B4}.Debug|x86.Build.0 = Debug|Win32
		{C3EFD888-EC32-4ED3-8EAD-F7F0CD31F8B4}.Release|x64.ActiveCfg = Release|x64
		{C3EFD888-EC32-4ED3-8EAD-F7F0CD31F8B4}.Release|x64.Build.0 = Release|x64
		{C3EFD888-EC32-4ED3-8EAD-F7F0CD31F8B4}.Release|x86.ActiveCfg = Release|Win32
		{C3EFD888-EC32-4ED3-8EAD-F7F0CD31F8B4}.Release|x86.Build.0 = Release|Win32
		{4998D434-3C94-4928-8975-7B3C12C507B6}.Debug|x64.ActiveCfg = Debug|x64
		{4998D434-3C94-4928-8975-7B3C12C507B6}.Debug|x64.Build.0 = Debug|x64
		{4998D434-3C94-4928-8975-7B3C12C507B6}.Debug|x86.ActiveCfg = Debug|Win32
		{4998D434-3C94-4928-8975-7B3C12C507B6}.Debug|x86.Build.0 = Debug|Win32
		{4998D434-3C94-4928-8975-7B3C12C507B6}.Release|x64.ActiveCfg = Release|x64
		{4998D434-3C94-4928-8975-7B3C12C507B6}.Release|x64.Build.0 = Release|x64
		{4998D434-3C94-4928-8975-7B3C12C507B6}.Release|x86.ActiveCfg = Release|Win32
		{4998D434-3C94-4928-8975-7B3C12C507B6}.Release|x86.Build.0 = Release|Win32
		{2B22D798-58A9-45C0-96AE-A7DC426B50B4}.Debug|x64.ActiveCfg = Debug|x64
		{2B22D798-58A9-45C0-96AE-A7DC426B50B4}.Debug|x64.Build.0 = Debug|x64
		{2B22D798-58A9-45C0-96AE-A7DC426B50B4}.Debug|x86.ActiveCfg = Debug|Win32
		{2B22D798-58A9-45C0-96AE-A7DC426B50B4}.Debug|x86.Build.0 = Debug|Win32
		{2B22D798-58A9-45C0-96AE-A7DC426B50B4}.Release|x64.ActiveCfg = Release|x64
		{2B22D798-58A9-45C0-96AE-A7DC426B50B4}.Release|x64.Build.0 = Release|x64
		{2B22D798-58A9-45C0-96AE-A7DC426B50B4}.Release|x86.ActiveCfg = Release|Win32
		{2B22D798-58A9-45C0-96AE-A7DC426B50B4}.Release|x86.Build.0 = Release|Win32
		{258DA196-E283-41BC-823A-BCCBCCF923E9}.Debug|x64.ActiveCfg = Debug|x64
		{258DA196-E283-41BC-823A-BCCBCCF923E9}.Debug|x64.Build.0 = Debug|x64
		{258DA196-E283-41BC-823A-BCCBCCF923E9}.Debug|x86.ActiveCfg = Debug|Win32
		{258DA196-E283-41BC-823A-BCCBCCF923E9}.Debug|x86.Build.0 = Debug|Win32
		{258DA196-E283-41BC-823A-BCCBCCF923E9}.Release|x64.ActiveCfg = Release|x64
		{258DA196-E283-41BC-823A-BCCBCCF923E9}.Release|x64.Build.0 = Release|x64
		{258DA196-E283-41BC-823A-BCCBCCF923E9}.Release|x86.ActiveCfg = Release|Win32
		{258DA196-E283-41BC-823A-BCCBCCF923E9}.Release|x86.Build.0 = Release|Win32
		{26E620E0-E0D9-4664-83A1-3F3508E0B4CC}.Debug|x64.ActiveCfg = Debug|x64
		{26E620E0-E0D9-4664-83A1-3F3508E0B4CC}.Debug|x64.Build.0 = Debug|x64
		{26E620E0-E0D9-4664-83A1-3F3508E0B4CC}.Debug|x86.ActiveCfg = Debug|Win32
		{26E620E0-E0D9-4664-83A1-3F3508E0B4CC}.Debug|x86.Build.0 = Debug|Win32
		{26E620E0-E0D9-4664-83A1-3F3508E0B4CC}.Release|x64.ActiveCfg = Release|x64
		{26E620E0-E0D9-4664-83A1-3F3508E0B4CC}.Release|x64.Build.0 = Release|x64
		{26E620E0-E0D9-4664-83A1-3F3508E0B4CC}.Release|x86.ActiveCfg = Release|Win32
		{26E620E0-E0D9-4664-83A1-3F3508E0B4CC}.Release|x86.Build.0 = Release|Win32
		{AD0E5664-F289-4A79-A097-A3D385979769}.Debug|x64.ActiveCfg = Debug|x64
		{AD0E5664-F289-4A79-A097-A3D385979769}.Debug|x64.Build.0 = Debug|x64
		{AD0E5664-F289-4A79-A097-A3D385979769}.Debug|x86.ActiveCfg = Debug|Win32
		{AD0E5664-F289-4A79-A097-A3D385979769}.Debug|x86.Build.0 = Debug|Win32
		{AD0E5664-F289-4A79-A097-A3D385979769}.Release|x64.ActiveCfg = Release|x64
		{AD0E5664-F289-4A79-A097-A3D385979769}.Release|x64.Build.0 = Release|x64
		{AD0E5664-F289-4A79-A097-A3D385979769}.Release|x86.ActiveCfg = Release|Win32
		{AD0E5664-F289-4A79-A097-A3D385979769}.Release|x86.Build.0 = Release|Win32
		{004E7F24-93C7-417C-9562-D4549B72569E}.Debug|x64.ActiveCfg = Debug|x64
		{004E7F24-93C7-417C-9562-D4549B72569E}.Debug|x64.Build.0 = Debug|x64
		{004E7F24-93C7-417C-9562-D4549B72569E}.Debug|x86.ActiveCfg = Debug|Win32
		{004E7F24-93C7-417C-9562-D4549B72569E}.Debug|x86.Build.0 = Debug|Win32
		{004E7F24-93C7-417C-9562-D4549B72569E}.Release|x64.ActiveCfg = Release|x64
		{004E7F24-93C7-417C-9562-D4549B72569E}.Release|x64.Build.0 = Release|x64
		{004E7F24-93C7-417C-9562-D4549B72569E}.Release|x86.ActiveCfg = Release|Win32
		{004E7F24-93C7-417C-9562-D4549B72569E}.Release|x86.Build.0 = Release|Win32
		{68F4A08B-78B9-4E86-B77C-3EF413ECAF6B}.Debug|x64.ActiveCfg = Debug|x64
		{68F4A08B-78B9-4E86-B77C-3EF413ECAF6B}.Debug|x64.Build.0 = Debug|x64
		{68F4A08B-78B9-4E86-B77C-3EF413ECAF6B}.Debug|x86.ActiveCfg = Debug|Win32
		{68F4A08B-78B9-4E86-B77C-3EF413ECAF6B}.Debug|x86.Build.0 = Debug|Win32
		{68F4A08B-78B9-4E86-B77C-3EF413ECAF6B}.Release|x64.ActiveCfg = Release|x64
		{68F4A08B-78B9-4E86-B77C-3EF413ECAF6B}.Release|x64.Build.0 = Release|x64
		{68F4A08B-78B9-4E86-B77C-3EF413ECAF6B}.Release|x86.ActiveCfg = Release|Win32
		{68F4A08B-78B9-4E86-B77C-3EF413ECAF6B}.Release|x86.Build.0 = Release|Win32
		{91FD5434-FF22-463C-8489-CBF81354B4D8}.Debug|x64.ActiveCfg = Debug|x64
		{91FD5434-FF22-463C-8489-CBF81354B4D8}.Debug|x64.Build.0 = Debug|x64
		{91FD5434-FF22-463C-8489-CBF81354B4D8}.Debug|x86.ActiveCfg = Debug|Win32
		{91FD5434-FF22-463C-8489-CBF81354B4D8}.Debug|x86.Build.0 = Debug|Win32
		{91FD5434-FF22-463C-8489-CBF81354B4D8}.Release|x64.ActiveCfg = Release|x64
		{91FD5434-FF22-463C-8489-CBF81354B4D8}.Release|x64.Build.0 = Release|x64
		{91FD5434-FF22-463C-8489-CBF81354B4D8}.Release|x86.ActiveCfg = Release|Win32
		{91FD5434-FF22-463C-8489-CBF81354B4D8}.Release|x86.Build.0 = Release|Win32
		{B53BA605-045F-43DB-A076-CA98BB8DCA69}.Debug|x64.ActiveCfg = Debug|x64
		{B53BA605-045F-43DB-A076-CA98BB8DCA69}.Debug|x64.Build.0 = Debug|x64
		{B53BA605-045F-43DB-A076-CA98BB8DCA69}.Debug|x86.ActiveCfg = Debug|Win32
		{B53BA605-045F-43DB-A076-CA98BB8DCA69}.Debug|x86.Build.0 = Debug|Win32
		{B53BA605-045F-43DB-A076-CA98BB8DCA69}.Release|x64.ActiveCfg = Release|x64
		{B53BA605-045F-43DB-A076-CA98BB8DCA69}.Release|x64.Build.0 = Release|x64
		{B53BA605-045F-43DB-A076-CA98BB8DCA69}.Release|x86.ActiveCfg = Release|Win32
		{B53BA605-045F-43DB-A076-CA98BB8DCA69}.Release|x86.Build.0 = Release|Win32
	EndGlobalSection
	GlobalSection(SolutionProperties) = preSolution
		HideSolutionNode = FALSE
	EndGlobalSection
	GlobalSection(ExtensibilityGlobals) = postSolution
		SolutionGuid = {6E84D924-E220-4C5C-B608-FBA483914519}
	EndGlobalSection
EndGlobal
